
Microsoft Visual Studio Solution File, Format Version 12.00
# Visual Studio Version 17
VisualStudioVersion = 17.4.33213.308
MinimumVisualStudioVersion = 10.0.40219.1
Project("{FAE04EC0-301F-11D3-BF4B-00C04F79EFBC}") = "ConsoleWoozle", "ConsoleWoozle\ConsoleWoozle.csproj", "{54C66CA3-B345-4FD8-92EB-09486767622E}"
EndProject
Project("{FAE04EC0-301F-11D3-BF4B-00C04F79EFBC}") = "ConsoleWoozleTest", "ConsoleWoozleTest\ConsoleWoozleTest.csproj", "{3F12BAEA-5727-47CD-9772-77B245B3CE05}"
EndProject
Global
	GlobalSection(SolutionConfigurationPlatforms) = preSolution
		Debug|Any CPU = Debug|Any CPU
		Release|Any CPU = Release|Any CPU
	EndGlobalSection
	GlobalSection(ProjectConfigurationPlatforms) = postSolution
		{54C66CA3-B345-4FD8-92EB-09486767622E}.Debug|Any CPU.ActiveCfg = Debug|Any CPU
		{54C66CA3-B345-4FD8-92EB-09486767622E}.Debug|Any CPU.Build.0 = Debug|Any CPU
		{54C66CA3-B345-4FD8-92EB-09486767622E}.Release|Any CPU.ActiveCfg = Release|Any CPU
		{54C66CA3-B345-4FD8-92EB-09486767622E}.Release|Any CPU.Build.0 = Release|Any CPU
		{3F12BAEA-5727-47CD-9772-77B245B3CE05}.Debug|Any CPU.ActiveCfg = Debug|Any CPU
		{3F12BAEA-5727-47CD-9772-77B245B3CE05}.Debug|Any CPU.Build.0 = Debug|Any CPU
		{3F12BAEA-5727-47CD-9772-77B245B3CE05}.Release|Any CPU.ActiveCfg = Release|Any CPU
		{3F12BAEA-5727-47CD-9772-77B245B3CE05}.Release|Any CPU.Build.0 = Release|Any CPU
	EndGlobalSection
	GlobalSection(SolutionProperties) = preSolution
		HideSolutionNode = FALSE
	EndGlobalSection
	GlobalSection(ExtensibilityGlobals) = postSolution
		SolutionGuid = {9A824E4D-D1FC-471E-87FE-46CD71FE98A5}
	EndGlobalSection
EndGlobal
